{
  "name": "@funkybob/request",
  "version": "0.0.6",
  "lockfileVersion": 1,
  "requires": true,
  "dependencies": {
    "@funkybob/qs": {
      "version": "1.1.0",
      "resolved": "https://registry.npmjs.org/@funkybob/qs/-/qs-1.1.0.tgz",
      "integrity": "sha512-alrRFZYNwNnd09TwORyN5ZRDDBJiUA0riO6LqQVmJhB/gMvg7Ob06XyKavTirQqVFVVFgdGo1DeoyTN8baeLOA=="
    }
  }
}
